
Microsoft Visual Studio Solution File, Format Version 12.00
# Visual Studio Version 17
VisualStudioVersion = 17.2.32616.157
MinimumVisualStudioVersion = 10.0.40219.1
Project("{FAE04EC0-301F-11D3-BF4B-00C04F79EFBC}") = "IK_kolko_krzyzyk_1", "IK_kolko_krzyzyk_1.csproj", "{6D85557F-1963-4632-9B21-2B8CF76BEDA9}"
EndProject
Global
	GlobalSection(SolutionConfigurationPlatforms) = preSolution
		Debug|Any CPU = Debug|Any CPU
		Release|Any CPU = Release|Any CPU
	EndGlobalSection
	GlobalSection(ProjectConfigurationPlatforms) = postSolution
		{6D85557F-1963-4632-9B21-2B8CF76BEDA9}.Debug|Any CPU.ActiveCfg = Debug|Any CPU
		{6D85557F-1963-4632-9B21-2B8CF76BEDA9}.Debug|Any CPU.Build.0 = Debug|Any CPU
		{6D85557F-1963-4632-9B21-2B8CF76BEDA9}.Release|Any CPU.ActiveCfg = Release|Any CPU
		{6D85557F-1963-4632-9B21-2B8CF76BEDA9}.Release|Any CPU.Build.0 = Release|Any CPU
	EndGlobalSection
	GlobalSection(SolutionProperties) = preSolution
		HideSolutionNode = FALSE
	EndGlobalSection
	GlobalSection(ExtensibilityGlobals) = postSolution
		SolutionGuid = {4CF03403-E95D-4770-866B-84776AAA6328}
	EndGlobalSection
EndGlobal
